
Microsoft Visual Studio Solution File, Format Version 12.00
# Visual Studio Version 17
VisualStudioVersion = 17.11.35327.3
MinimumVisualStudioVersion = 10.0.40219.1
Project("{FAE04EC0-301F-11D3-BF4B-00C04F79EFBC}") = "ProjetoIntegrador", "ProjetoIntegrador.csproj", "{B7083967-B578-4557-ADB6-E83E9AACA5AF}"
EndProject
Global
	GlobalSection(SolutionConfigurationPlatforms) = preSolution
		Debug|Any CPU = Debug|Any CPU
		Release|Any CPU = Release|Any CPU
	EndGlobalSection
	GlobalSection(ProjectConfigurationPlatforms) = postSolution
		{B7083967-B578-4557-ADB6-E83E9AACA5AF}.Debug|Any CPU.ActiveCfg = Debug|Any CPU
		{B7083967-B578-4557-ADB6-E83E9AACA5AF}.Debug|Any CPU.Build.0 = Debug|Any CPU
		{B7083967-B578-4557-ADB6-E83E9AACA5AF}.Release|Any CPU.ActiveCfg = Release|Any CPU
		{B7083967-B578-4557-ADB6-E83E9AACA5AF}.Release|Any CPU.Build.0 = Release|Any CPU
	EndGlobalSection
	GlobalSection(SolutionProperties) = preSolution
		HideSolutionNode = FALSE
	EndGlobalSection
	GlobalSection(ExtensibilityGlobals) = postSolution
		SolutionGuid = {3645AADA-6D2E-4D2E-A164-C89AE9D54198}
	EndGlobalSection
EndGlobal
